
Microsoft Visual Studio Solution File, Format Version 12.00
# Visual Studio Version 16
VisualStudioVersion = 16.0.29721.120
MinimumVisualStudioVersion = 10.0.40219.1
Project("{9A19103F-16F7-4668-BE54-9A1E7A4F7556}") = "Soccer.Common", "Soccer.Common\Soccer.Common.csproj", "{10E7D749-17A3-4A47-A21B-4FB8D2F9927C}"
EndProject
Project("{9A19103F-16F7-4668-BE54-9A1E7A4F7556}") = "Soccer.Web", "Soccer.Web\Soccer.Web.csproj", "{769E1952-FB1B-4FB0-902A-657BE25BF568}"
EndProject
Project("{FAE04EC0-301F-11D3-BF4B-00C04F79EFBC}") = "Soccer.Prism", "Soccer.Prism\Soccer.Prism\Soccer.Prism.csproj", "{955A0630-FCE4-4AAE-9228-D166D2583575}"
EndProject
Project("{FAE04EC0-301F-11D3-BF4B-00C04F79EFBC}") = "Soccer.Prism.Android", "Soccer.Prism\Soccer.Prism.Android\Soccer.Prism.Android.csproj", "{45FC13F0-70DB-4A3E-AF8D-620F5B05CC35}"
EndProject
Project("{FAE04EC0-301F-11D3-BF4B-00C04F79EFBC}") = "Soccer.Prism.iOS", "Soccer.Prism\Soccer.Prism.iOS\Soccer.Prism.iOS.csproj", "{EF63C553-D709-416C-A14B-53E4C5D7918C}"
EndProject
Project("{FAE04EC0-301F-11D3-BF4B-00C04F79EFBC}") = "Soccer.Cross.Android", "Soccer.Cross.Android\Soccer.Cross.Android.csproj", "{9D10593D-CEC3-4F64-B640-E126FB23C570}"
EndProject
Project("{FAE04EC0-301F-11D3-BF4B-00C04F79EFBC}") = "Soccer.Cross.IOS", "Soccer.Cross.IOS\Soccer.Cross.IOS.csproj", "{D593F0EF-BC33-4A4B-9CEE-5A4FD1FEBB6A}"
EndProject
Global
	GlobalSection(SolutionConfigurationPlatforms) = preSolution
		Ad-Hoc|Any CPU = Ad-Hoc|Any CPU
		Ad-Hoc|iPhone = Ad-Hoc|iPhone
		Ad-Hoc|iPhoneSimulator = Ad-Hoc|iPhoneSimulator
		AppStore|Any CPU = AppStore|Any CPU
		AppStore|iPhone = AppStore|iPhone
		AppStore|iPhoneSimulator = AppStore|iPhoneSimulator
		Debug|Any CPU = Debug|Any CPU
		Debug|iPhone = Debug|iPhone
		Debug|iPhoneSimulator = Debug|iPhoneSimulator
		Release|Any CPU = Release|Any CPU
		Release|iPhone = Release|iPhone
		Release|iPhoneSimulator = Release|iPhoneSimulator
	EndGlobalSection
	GlobalSection(ProjectConfigurationPlatforms) = postSolution
		{10E7D749-17A3-4A47-A21B-4FB8D2F9927C}.Ad-Hoc|Any CPU.ActiveCfg = Release|Any CPU
		{10E7D749-17A3-4A47-A21B-4FB8D2F9927C}.Ad-Hoc|Any CPU.Build.0 = Release|Any CPU
		{10E7D749-17A3-4A47-A21B-4FB8D2F9927C}.Ad-Hoc|iPhone.ActiveCfg = Release|Any CPU
		{10E7D749-17A3-4A47-A21B-4FB8D2F9927C}.Ad-Hoc|iPhone.Build.0 = Release|Any CPU
		{10E7D749-17A3-4A47-A21B-4FB8D2F9927C}.Ad-Hoc|iPhoneSimulator.ActiveCfg = Release|Any CPU
		{10E7D749-17A3-4A47-A21B-4FB8D2F9927C}.Ad-Hoc|iPhoneSimulator.Build.0 = Release|Any CPU
		{10E7D749-17A3-4A47-A21B-4FB8D2F9927C}.AppStore|Any CPU.ActiveCfg = Release|Any CPU
		{10E7D749-17A3-4A47-A21B-4FB8D2F9927C}.AppStore|Any CPU.Build.0 = Release|Any CPU
		{10E7D749-17A3-4A47-A21B-4FB8D2F9927C}.AppStore|iPhone.ActiveCfg = Release|Any CPU
		{10E7D749-17A3-4A47-A21B-4FB8D2F9927C}.AppStore|iPhone.Build.0 = Release|Any CPU
		{10E7D749-17A3-4A47-A21B-4FB8D2F9927C}.AppStore|iPhoneSimulator.ActiveCfg = Release|Any CPU
		{10E7D749-17A3-4A47-A21B-4FB8D2F9927C}.AppStore|iPhoneSimulator.Build.0 = Release|Any CPU
		{10E7D749-17A3-4A47-A21B-4FB8D2F9927C}.Debug|Any CPU.ActiveCfg = Debug|Any CPU
		{10E7D749-17A3-4A47-A21B-4FB8D2F9927C}.Debug|Any CPU.Build.0 = Debug|Any CPU
		{10E7D749-17A3-4A47-A21B-4FB8D2F9927C}.Debug|iPhone.ActiveCfg = Debug|Any CPU
		{10E7D749-17A3-4A47-A21B-4FB8D2F9927C}.Debug|iPhone.Build.0 = Debug|Any CPU
		{10E7D749-17A3-4A47-A21B-4FB8D2F9927C}.Debug|iPhoneSimulator.ActiveCfg = Debug|Any CPU
		{10E7D749-17A3-4A47-A21B-4FB8D2F9927C}.Debug|iPhoneSimulator.Build.0 = Debug|Any CPU
		{10E7D749-17A3-4A47-A21B-4FB8D2F9927C}.Release|Any CPU.ActiveCfg = Release|Any CPU
		{10E7D749-17A3-4A47-A21B-4FB8D2F9927C}.Release|Any CPU.Build.0 = Release|Any CPU
		{10E7D749-17A3-4A47-A21B-4FB8D2F9927C}.Release|iPhone.ActiveCfg = Release|Any CPU
		{10E7D749-17A3-4A47-A21B-4FB8D2F9927C}.Release|iPhone.Build.0 = Release|Any CPU
		{10E7D749-17A3-4A47-A21B-4FB8D2F9927C}.Release|iPhoneSimulator.ActiveCfg = Release|Any CPU
		{10E7D749-17A3-4A47-A21B-4FB8D2F9927C}.Release|iPhoneSimulator.Build.0 = Release|Any CPU
		{769E1952-FB1B-4FB0-902A-657BE25BF568}.Ad-Hoc|Any CPU.ActiveCfg = Release|Any CPU
		{769E1952-FB1B-4FB0-902A-657BE25BF568}.Ad-Hoc|Any CPU.Build.0 = Release|Any CPU
		{769E1952-FB1B-4FB0-902A-657BE25BF568}.Ad-Hoc|iPhone.ActiveCfg = Release|Any CPU
		{769E1952-FB1B-4FB0-902A-657BE25BF568}.Ad-Hoc|iPhone.Build.0 = Release|Any CPU
		{769E1952-FB1B-4FB0-902A-657BE25BF568}.Ad-Hoc|iPhoneSimulator.ActiveCfg = Release|Any CPU
		{769E1952-FB1B-4FB0-902A-657BE25BF568}.Ad-Hoc|iPhoneSimulator.Build.0 = Release|Any CPU
		{769E1952-FB1B-4FB0-902A-657BE25BF568}.AppStore|Any CPU.ActiveCfg = Release|Any CPU
		{769E1952-FB1B-4FB0-902A-657BE25BF568}.AppStore|Any CPU.Build.0 = Release|Any CPU
		{769E1952-FB1B-4FB0-902A-657BE25BF568}.AppStore|iPhone.ActiveCfg = Release|Any CPU
		{769E1952-FB1B-4FB0-902A-657BE25BF568}.AppStore|iPhone.Build.0 = Release|Any CPU
		{769E1952-FB1B-4FB0-902A-657BE25BF568}.AppStore|iPhoneSimulator.ActiveCfg = Release|Any CPU
		{769E1952-FB1B-4FB0-902A-657BE25BF568}.AppStore|iPhoneSimulator.Build.0 = Release|Any CPU
		{769E1952-FB1B-4FB0-902A-657BE25BF568}.Debug|Any CPU.ActiveCfg = Debug|Any CPU
		{769E1952-FB1B-4FB0-902A-657BE25BF568}.Debug|Any CPU.Build.0 = Debug|Any CPU
		{769E1952-FB1B-4FB0-902A-657BE25BF568}.Debug|iPhone.ActiveCfg = Debug|Any CPU
		{769E1952-FB1B-4FB0-902A-657BE25BF568}.Debug|iPhone.Build.0 = Debug|Any CPU
		{769E1952-FB1B-4FB0-902A-657BE25BF568}.Debug|iPhoneSimulator.ActiveCfg = Debug|Any CPU
		{769E1952-FB1B-4FB0-902A-657BE25BF568}.Debug|iPhoneSimulator.Build.0 = Debug|Any CPU
		{769E1952-FB1B-4FB0-902A-657BE25BF568}.Release|Any CPU.ActiveCfg = Release|Any CPU
		{769E1952-FB1B-4FB0-902A-657BE25BF568}.Release|Any CPU.Build.0 = Release|Any CPU
		{769E1952-FB1B-4FB0-902A-657BE25BF568}.Release|iPhone.ActiveCfg = Release|Any CPU
		{769E1952-FB1B-4FB0-902A-657BE25BF568}.Release|iPhone.Build.0 = Release|Any CPU
		{769E1952-FB1B-4FB0-902A-657BE25BF568}.Release|iPhoneSimulator.ActiveCfg = Release|Any CPU
		{769E1952-FB1B-4FB0-902A-657BE25BF568}.Release|iPhoneSimulator.Build.0 = Release|Any CPU
		{955A0630-FCE4-4AAE-9228-D166D2583575}.Ad-Hoc|Any CPU.ActiveCfg = Debug|Any CPU
		{955A0630-FCE4-4AAE-9228-D166D2583575}.Ad-Hoc|Any CPU.Build.0 = Debug|Any CPU
		{955A0630-FCE4-4AAE-9228-D166D2583575}.Ad-Hoc|iPhone.ActiveCfg = Debug|Any CPU
		{955A0630-FCE4-4AAE-9228-D166D2583575}.Ad-Hoc|iPhone.Build.0 = Debug|Any CPU
		{955A0630-FCE4-4AAE-9228-D166D2583575}.Ad-Hoc|iPhoneSimulator.ActiveCfg = Debug|Any CPU
		{955A0630-FCE4-4AAE-9228-D166D2583575}.Ad-Hoc|iPhoneSimulator.Build.0 = Debug|Any CPU
		{955A0630-FCE4-4AAE-9228-D166D2583575}.AppStore|Any CPU.ActiveCfg = Debug|Any CPU
		{955A0630-FCE4-4AAE-9228-D166D2583575}.AppStore|Any CPU.Build.0 = Debug|Any CPU
		{955A0630-FCE4-4AAE-9228-D166D2583575}.AppStore|iPhone.ActiveCfg = Debug|Any CPU
		{955A0630-FCE4-4AAE-9228-D166D2583575}.AppStore|iPhone.Build.0 = Debug|Any CPU
		{955A0630-FCE4-4AAE-9228-D166D2583575}.AppStore|iPhoneSimulator.ActiveCfg = Debug|Any CPU
		{955A0630-FCE4-4AAE-9228-D166D2583575}.AppStore|iPhoneSimulator.Build.0 = Debug|Any CPU
		{955A0630-FCE4-4AAE-9228-D166D2583575}.Debug|Any CPU.ActiveCfg = Debug|Any CPU
		{955A0630-FCE4-4AAE-9228-D166D2583575}.Debug|Any CPU.Build.0 = Debug|Any CPU
		{955A0630-FCE4-4AAE-9228-D166D2583575}.Debug|iPhone.ActiveCfg = Debug|Any CPU
		{955A0630-FCE4-4AAE-9228-D166D2583575}.Debug|iPhone.Build.0 = Debug|Any CPU
		{955A0630-FCE4-4AAE-9228-D166D2583575}.Debug|iPhoneSimulator.ActiveCfg = Debug|Any CPU
		{955A0630-FCE4-4AAE-9228-D166D2583575}.Debug|iPhoneSimulator.Build.0 = Debug|Any CPU
		{955A0630-FCE4-4AAE-9228-D166D2583575}.Release|Any CPU.ActiveCfg = Release|Any CPU
		{955A0630-FCE4-4AAE-9228-D166D2583575}.Release|Any CPU.Build.0 = Release|Any CPU
		{955A0630-FCE4-4AAE-9228-D166D2583575}.Release|iPhone.ActiveCfg = Release|Any CPU
		{955A0630-FCE4-4AAE-9228-D166D2583575}.Release|iPhone.Build.0 = Release|Any CPU
		{955A0630-FCE4-4AAE-9228-D166D2583575}.Release|iPhoneSimulator.ActiveCfg = Release|Any CPU
		{955A0630-FCE4-4AAE-9228-D166D2583575}.Release|iPhoneSimulator.Build.0 = Release|Any CPU
		{45FC13F0-70DB-4A3E-AF8D-620F5B05CC35}.Ad-Hoc|Any CPU.ActiveCfg = Release|Any CPU
		{45FC13F0-70DB-4A3E-AF8D-620F5B05CC35}.Ad-Hoc|Any CPU.Build.0 = Release|Any CPU
		{45FC13F0-70DB-4A3E-AF8D-620F5B05CC35}.Ad-Hoc|Any CPU.Deploy.0 = Release|Any CPU
		{45FC13F0-70DB-4A3E-AF8D-620F5B05CC35}.Ad-Hoc|iPhone.ActiveCfg = Release|Any CPU
		{45FC13F0-70DB-4A3E-AF8D-620F5B05CC35}.Ad-Hoc|iPhone.Build.0 = Release|Any CPU
		{45FC13F0-70DB-4A3E-AF8D-620F5B05CC35}.Ad-Hoc|iPhone.Deploy.0 = Release|Any CPU
		{45FC13F0-70DB-4A3E-AF8D-620F5B05CC35}.Ad-Hoc|iPhoneSimulator.ActiveCfg = Release|Any CPU
		{45FC13F0-70DB-4A3E-AF8D-620F5B05CC35}.Ad-Hoc|iPhoneSimulator.Build.0 = Release|Any CPU
		{45FC13F0-70DB-4A3E-AF8D-620F5B05CC35}.Ad-Hoc|iPhoneSimulator.Deploy.0 = Release|Any CPU
		{45FC13F0-70DB-4A3E-AF8D-620F5B05CC35}.AppStore|Any CPU.ActiveCfg = Release|Any CPU
		{45FC13F0-70DB-4A3E-AF8D-620F5B05CC35}.AppStore|Any CPU.Build.0 = Release|Any CPU
		{45FC13F0-70DB-4A3E-AF8D-620F5B05CC35}.AppStore|Any CPU.Deploy.0 = Release|Any CPU
		{45FC13F0-70DB-4A3E-AF8D-620F5B05CC35}.AppStore|iPhone.ActiveCfg = Release|Any CPU
		{45FC13F0-70DB-4A3E-AF8D-620F5B05CC35}.AppStore|iPhone.Build.0 = Release|Any CPU
		{45FC13F0-70DB-4A3E-AF8D-620F5B05CC35}.AppStore|iPhone.Deploy.0 = Release|Any CPU
		{45FC13F0-70DB-4A3E-AF8D-620F5B05CC35}.AppStore|iPhoneSimulator.ActiveCfg = Release|Any CPU
		{45FC13F0-70DB-4A3E-AF8D-620F5B05CC35}.AppStore|iPhoneSimulator.Build.0 = Release|Any CPU
		{45FC13F0-70DB-4A3E-AF8D-620F5B05CC35}.AppStore|iPhoneSimulator.Deploy.0 = Release|Any CPU
		{45FC13F0-70DB-4A3E-AF8D-620F5B05CC35}.Debug|Any CPU.ActiveCfg = Debug|Any CPU
		{45FC13F0-70DB-4A3E-AF8D-620F5B05CC35}.Debug|Any CPU.Build.0 = Debug|Any CPU
		{45FC13F0-70DB-4A3E-AF8D-620F5B05CC35}.Debug|Any CPU.Deploy.0 = Debug|Any CPU
		{45FC13F0-70DB-4A3E-AF8D-620F5B05CC35}.Debug|iPhone.ActiveCfg = Debug|Any CPU
		{45FC13F0-70DB-4A3E-AF8D-620F5B05CC35}.Debug|iPhone.Build.0 = Debug|Any CPU
		{45FC13F0-70DB-4A3E-AF8D-620F5B05CC35}.Debug|iPhone.Deploy.0 = Debug|Any CPU
		{45FC13F0-70DB-4A3E-AF8D-620F5B05CC35}.Debug|iPhoneSimulator.ActiveCfg = Debug|Any CPU
		{45FC13F0-70DB-4A3E-AF8D-620F5B05CC35}.Debug|iPhoneSimulator.Build.0 = Debug|Any CPU
		{45FC13F0-70DB-4A3E-AF8D-620F5B05CC35}.Debug|iPhoneSimulator.Deploy.0 = Debug|Any CPU
		{45FC13F0-70DB-4A3E-AF8D-620F5B05CC35}.Release|Any CPU.ActiveCfg = Release|Any CPU
		{45FC13F0-70DB-4A3E-AF8D-620F5B05CC35}.Release|Any CPU.Build.0 = Release|Any CPU
		{45FC13F0-70DB-4A3E-AF8D-620F5B05CC35}.Release|Any CPU.Deploy.0 = Release|Any CPU
		{45FC13F0-70DB-4A3E-AF8D-620F5B05CC35}.Release|iPhone.ActiveCfg = Release|Any CPU
		{45FC13F0-70DB-4A3E-AF8D-620F5B05CC35}.Release|iPhone.Build.0 = Release|Any CPU
		{45FC13F0-70DB-4A3E-AF8D-620F5B05CC35}.Release|iPhone.Deploy.0 = Release|Any CPU
		{45FC13F0-70DB-4A3E-AF8D-620F5B05CC35}.Release|iPhoneSimulator.ActiveCfg = Release|Any CPU
		{45FC13F0-70DB-4A3E-AF8D-620F5B05CC35}.Release|iPhoneSimulator.Build.0 = Release|Any CPU
		{45FC13F0-70DB-4A3E-AF8D-620F5B05CC35}.Release|iPhoneSimulator.Deploy.0 = Release|Any CPU
		{EF63C553-D709-416C-A14B-53E4C5D7918C}.Ad-Hoc|Any CPU.ActiveCfg = Ad-Hoc|iPhone
		{EF63C553-D709-416C-A14B-53E4C5D7918C}.Ad-Hoc|iPhone.ActiveCfg = Ad-Hoc|iPhone
		{EF63C553-D709-416C-A14B-53E4C5D7918C}.Ad-Hoc|iPhone.Build.0 = Ad-Hoc|iPhone
		{EF63C553-D709-416C-A14B-53E4C5D7918C}.Ad-Hoc|iPhoneSimulator.ActiveCfg = Ad-Hoc|iPhoneSimulator
		{EF63C553-D709-416C-A14B-53E4C5D7918C}.Ad-Hoc|iPhoneSimulator.Build.0 = Ad-Hoc|iPhoneSimulator
		{EF63C553-D709-416C-A14B-53E4C5D7918C}.AppStore|Any CPU.ActiveCfg = AppStore|iPhone
		{EF63C553-D709-416C-A14B-53E4C5D7918C}.AppStore|iPhone.ActiveCfg = AppStore|iPhone
		{EF63C553-D709-416C-A14B-53E4C5D7918C}.AppStore|iPhone.Build.0 = AppStore|iPhone
		{EF63C553-D709-416C-A14B-53E4C5D7918C}.AppStore|iPhoneSimulator.ActiveCfg = AppStore|iPhoneSimulator
		{EF63C553-D709-416C-A14B-53E4C5D7918C}.AppStore|iPhoneSimulator.Build.0 = AppStore|iPhoneSimulator
		{EF63C553-D709-416C-A14B-53E4C5D7918C}.Debug|Any CPU.ActiveCfg = Debug|iPhone
		{EF63C553-D709-416C-A14B-53E4C5D7918C}.Debug|iPhone.ActiveCfg = Debug|iPhone
		{EF63C553-D709-416C-A14B-53E4C5D7918C}.Debug|iPhone.Build.0 = Debug|iPhone
		{EF63C553-D709-416C-A14B-53E4C5D7918C}.Debug|iPhoneSimulator.ActiveCfg = Debug|iPhoneSimulator
		{EF63C553-D709-416C-A14B-53E4C5D7918C}.Debug|iPhoneSimulator.Build.0 = Debug|iPhoneSimulator
		{EF63C553-D709-416C-A14B-53E4C5D7918C}.Release|Any CPU.ActiveCfg = Release|iPhone
		{EF63C553-D709-416C-A14B-53E4C5D7918C}.Release|iPhone.ActiveCfg = Release|iPhone
		{EF63C553-D709-416C-A14B-53E4C5D7918C}.Release|iPhone.Build.0 = Release|iPhone
		{EF63C553-D709-416C-A14B-53E4C5D7918C}.Release|iPhoneSimulator.ActiveCfg = Release|iPhoneSimulator
		{EF63C553-D709-416C-A14B-53E4C5D7918C}.Release|iPhoneSimulator.Build.0 = Release|iPhoneSimulator
		{9D10593D-CEC3-4F64-B640-E126FB23C570}.Ad-Hoc|Any CPU.ActiveCfg = Release|Any CPU
		{9D10593D-CEC3-4F64-B640-E126FB23C570}.Ad-Hoc|Any CPU.Build.0 = Release|Any CPU
		{9D10593D-CEC3-4F64-B640-E126FB23C570}.Ad-Hoc|Any CPU.Deploy.0 = Release|Any CPU
		{9D10593D-CEC3-4F64-B640-E126FB23C570}.Ad-Hoc|iPhone.ActiveCfg = Release|Any CPU
		{9D10593D-CEC3-4F64-B640-E126FB23C570}.Ad-Hoc|iPhone.Build.0 = Release|Any CPU
		{9D10593D-CEC3-4F64-B640-E126FB23C570}.Ad-Hoc|iPhone.Deploy.0 = Release|Any CPU
		{9D10593D-CEC3-4F64-B640-E126FB23C570}.Ad-Hoc|iPhoneSimulator.ActiveCfg = Release|Any CPU
		{9D10593D-CEC3-4F64-B640-E126FB23C570}.Ad-Hoc|iPhoneSimulator.Build.0 = Release|Any CPU
		{9D10593D-CEC3-4F64-B640-E126FB23C570}.Ad-Hoc|iPhoneSimulator.Deploy.0 = Release|Any CPU
		{9D10593D-CEC3-4F64-B640-E126FB23C570}.AppStore|Any CPU.ActiveCfg = Release|Any CPU
		{9D10593D-CEC3-4F64-B640-E126FB23C570}.AppStore|Any CPU.Build.0 = Release|Any CPU
		{9D10593D-CEC3-4F64-B640-E126FB23C570}.AppStore|Any CPU.Deploy.0 = Release|Any CPU
		{9D10593D-CEC3-4F64-B640-E126FB23C570}.AppStore|iPhone.ActiveCfg = Release|Any CPU
		{9D10593D-CEC3-4F64-B640-E126FB23C570}.AppStore|iPhone.Build.0 = Release|Any CPU
		{9D10593D-CEC3-4F64-B640-E126FB23C570}.AppStore|iPhone.Deploy.0 = Release|Any CPU
		{9D10593D-CEC3-4F64-B640-E126FB23C570}.AppStore|iPhoneSimulator.ActiveCfg = Release|Any CPU
		{9D10593D-CEC3-4F64-B640-E126FB23C570}.AppStore|iPhoneSimulator.Build.0 = Release|Any CPU
		{9D10593D-CEC3-4F64-B640-E126FB23C570}.AppStore|iPhoneSimulator.Deploy.0 = Release|Any CPU
		{9D10593D-CEC3-4F64-B640-E126FB23C570}.Debug|Any CPU.ActiveCfg = Debug|Any CPU
		{9D10593D-CEC3-4F64-B640-E126FB23C570}.Debug|Any CPU.Build.0 = Debug|Any CPU
		{9D10593D-CEC3-4F64-B640-E126FB23C570}.Debug|Any CPU.Deploy.0 = Debug|Any CPU
		{9D10593D-CEC3-4F64-B640-E126FB23C570}.Debug|iPhone.ActiveCfg = Debug|Any CPU
		{9D10593D-CEC3-4F64-B640-E126FB23C570}.Debug|iPhone.Build.0 = Debug|Any CPU
		{9D10593D-CEC3-4F64-B640-E126FB23C570}.Debug|iPhone.Deploy.0 = Debug|Any CPU
		{9D10593D-CEC3-4F64-B640-E126FB23C570}.Debug|iPhoneSimulator.ActiveCfg = Debug|Any CPU
		{9D10593D-CEC3-4F64-B640-E126FB23C570}.Debug|iPhoneSimulator.Build.0 = Debug|Any CPU
		{9D10593D-CEC3-4F64-B640-E126FB23C570}.Debug|iPhoneSimulator.Deploy.0 = Debug|Any CPU
		{9D10593D-CEC3-4F64-B640-E126FB23C570}.Release|Any CPU.ActiveCfg = Release|Any CPU
		{9D10593D-CEC3-4F64-B640-E126FB23C570}.Release|Any CPU.Build.0 = Release|Any CPU
		{9D10593D-CEC3-4F64-B640-E126FB23C570}.Release|Any CPU.Deploy.0 = Release|Any CPU
		{9D10593D-CEC3-4F64-B640-E126FB23C570}.Release|iPhone.ActiveCfg = Release|Any CPU
		{9D10593D-CEC3-4F64-B640-E126FB23C570}.Release|iPhone.Build.0 = Release|Any CPU
		{9D10593D-CEC3-4F64-B640-E126FB23C570}.Release|iPhone.Deploy.0 = Release|Any CPU
		{9D10593D-CEC3-4F64-B640-E126FB23C570}.Release|iPhoneSimulator.ActiveCfg = Release|Any CPU
		{9D10593D-CEC3-4F64-B640-E126FB23C570}.Release|iPhoneSimulator.Build.0 = Release|Any CPU
		{9D10593D-CEC3-4F64-B640-E126FB23C570}.Release|iPhoneSimulator.Deploy.0 = Release|Any CPU
		{D593F0EF-BC33-4A4B-9CEE-5A4FD1FEBB6A}.Ad-Hoc|Any CPU.ActiveCfg = Release|iPhone
		{D593F0EF-BC33-4A4B-9CEE-5A4FD1FEBB6A}.Ad-Hoc|Any CPU.Build.0 = Release|iPhone
		{D593F0EF-BC33-4A4B-9CEE-5A4FD1FEBB6A}.Ad-Hoc|iPhone.ActiveCfg = Release|iPhone
		{D593F0EF-BC33-4A4B-9CEE-5A4FD1FEBB6A}.Ad-Hoc|iPhone.Build.0 = Release|iPhone
		{D593F0EF-BC33-4A4B-9CEE-5A4FD1FEBB6A}.Ad-Hoc|iPhoneSimulator.ActiveCfg = Release|iPhoneSimulator
		{D593F0EF-BC33-4A4B-9CEE-5A4FD1FEBB6A}.Ad-Hoc|iPhoneSimulator.Build.0 = Release|iPhoneSimulator
		{D593F0EF-BC33-4A4B-9CEE-5A4FD1FEBB6A}.AppStore|Any CPU.ActiveCfg = Release|iPhone
		{D593F0EF-BC33-4A4B-9CEE-5A4FD1FEBB6A}.AppStore|Any CPU.Build.0 = Release|iPhone
		{D593F0EF-BC33-4A4B-9CEE-5A4FD1FEBB6A}.AppStore|iPhone.ActiveCfg = Release|iPhone
		{D593F0EF-BC33-4A4B-9CEE-5A4FD1FEBB6A}.AppStore|iPhone.Build.0 = Release|iPhone
		{D593F0EF-BC33-4A4B-9CEE-5A4FD1FEBB6A}.AppStore|iPhoneSimulator.ActiveCfg = Release|iPhoneSimulator
		{D593F0EF-BC33-4A4B-9CEE-5A4FD1FEBB6A}.AppStore|iPhoneSimulator.Build.0 = Release|iPhoneSimulator
		{D593F0EF-BC33-4A4B-9CEE-5A4FD1FEBB6A}.Debug|Any CPU.ActiveCfg = Debug|iPhone
		{D593F0EF-BC33-4A4B-9CEE-5A4FD1FEBB6A}.Debug|iPhone.ActiveCfg = Debug|iPhone
		{D593F0EF-BC33-4A4B-9CEE-5A4FD1FEBB6A}.Debug|iPhone.Build.0 = Debug|iPhone
		{D593F0EF-BC33-4A4B-9CEE-5A4FD1FEBB6A}.Debug|iPhoneSimulator.ActiveCfg = Debug|iPhoneSimulator
		{D593F0EF-BC33-4A4B-9CEE-5A4FD1FEBB6A}.Debug|iPhoneSimulator.Build.0 = Debug|iPhoneSimulator
		{D593F0EF-BC33-4A4B-9CEE-5A4FD1FEBB6A}.Release|Any CPU.ActiveCfg = Release|iPhone
		{D593F0EF-BC33-4A4B-9CEE-5A4FD1FEBB6A}.Release|iPhone.ActiveCfg = Release|iPhone
		{D593F0EF-BC33-4A4B-9CEE-5A4FD1FEBB6A}.Release|iPhone.Build.0 = Release|iPhone
		{D593F0EF-BC33-4A4B-9CEE-5A4FD1FEBB6A}.Release|iPhoneSimulator.ActiveCfg = Release|iPhoneSimulator
		{D593F0EF-BC33-4A4B-9CEE-5A4FD1FEBB6A}.Release|iPhoneSimulator.Build.0 = Release|iPhoneSimulator
	EndGlobalSection
	GlobalSection(SolutionProperties) = preSolution
		HideSolutionNode = FALSE
	EndGlobalSection
	GlobalSection(ExtensibilityGlobals) = postSolution
		SolutionGuid = {080C77B9-8F6B-452A-A958-4B974D979E71}
	EndGlobalSection
EndGlobal
